
Microsoft Visual Studio Solution File, Format Version 12.00
# Visual Studio Version 16
VisualStudioVersion = 16.0.31205.134
MinimumVisualStudioVersion = 10.0.40219.1
Project("{2150E333-8FDC-42A3-9474-1A3956D46DE8}") = "src", "src", "{DCEE890D-F3EB-413D-88EC-F03075C8FFAC}"
EndProject
Project("{FAE04EC0-301F-11D3-BF4B-00C04F79EFBC}") = "CommonPattern", "src\CommonPattern\CommonPattern.csproj", "{80D77AE2-D1AB-40EB-8581-DC27049E44D8}"
EndProject
Project("{FAE04EC0-301F-11D3-BF4B-00C04F79EFBC}") = "Locker", "src\Locker\Locker.csproj", "{68B30509-EF83-45F7-A87D-82214552EE7F}"
EndProject
Global
	GlobalSection(SolutionConfigurationPlatforms) = preSolution
		Debug|Any CPU = Debug|Any CPU
		Release|Any CPU = Release|Any CPU
	EndGlobalSection
	GlobalSection(ProjectConfigurationPlatforms) = postSolution
		{80D77AE2-D1AB-40EB-8581-DC27049E44D8}.Debug|Any CPU.ActiveCfg = Debug|Any CPU
		{80D77AE2-D1AB-40EB-8581-DC27049E44D8}.Debug|Any CPU.Build.0 = Debug|Any CPU
		{80D77AE2-D1AB-40EB-8581-DC27049E44D8}.Release|Any CPU.ActiveCfg = Release|Any CPU
		{80D77AE2-D1AB-40EB-8581-DC27049E44D8}.Release|Any CPU.Build.0 = Release|Any CPU
		{68B30509-EF83-45F7-A87D-82214552EE7F}.Debug|Any CPU.ActiveCfg = Debug|Any CPU
		{68B30509-EF83-45F7-A87D-82214552EE7F}.Debug|Any CPU.Build.0 = Debug|Any CPU
		{68B30509-EF83-45F7-A87D-82214552EE7F}.Release|Any CPU.ActiveCfg = Release|Any CPU
		{68B30509-EF83-45F7-A87D-82214552EE7F}.Release|Any CPU.Build.0 = Release|Any CPU
	EndGlobalSection
	GlobalSection(SolutionProperties) = preSolution
		HideSolutionNode = FALSE
	EndGlobalSection
	GlobalSection(NestedProjects) = preSolution
		{80D77AE2-D1AB-40EB-8581-DC27049E44D8} = {DCEE890D-F3EB-413D-88EC-F03075C8FFAC}
		{68B30509-EF83-45F7-A87D-82214552EE7F} = {DCEE890D-F3EB-413D-88EC-F03075C8FFAC}
	EndGlobalSection
	GlobalSection(ExtensibilityGlobals) = postSolution
		SolutionGuid = {AB9ED0DD-61DB-4EEC-9D61-880F8DB92B8C}
	EndGlobalSection
EndGlobal
